// !$*UTF8*$!
{
	archiveVersion = 1;
	classes = {
	};
	objectVersion = 46;
	objects = {

/* Begin PBXBuildFile section */
		0A346F1C1D617DDF00498520 /* AppDelegate.swift in Sources */ = {isa = PBXBuildFile; fileRef = 0A346F1B1D617DDF00498520 /* AppDelegate.swift */; };
		0A346F1E1D617DDF00498520 /* ViewController.swift in Sources */ = {isa = PBXBuildFile; fileRef = 0A346F1D1D617DDF00498520 /* ViewController.swift */; };
		0A346F211D617DDF00498520 /* Main.storyboard in Resources */ = {isa = PBXBuildFile; fileRef = 0A346F1F1D617DDF00498520 /* Main.storyboard */; };
		0A346F231D617DDF00498520 /* Assets.xcassets in Resources */ = {isa = PBXBuildFile; fileRef = 0A346F221D617DDF00498520 /* Assets.xcassets */; };
		0A346F261D617DDF00498520 /* LaunchScreen.storyboard in Resources */ = {isa = PBXBuildFile; fileRef = 0A346F241D617DDF00498520 /* LaunchScreen.storyboard */; };
		0A346F311D617DDF00498520 /* MyFirstSwiftTests.swift in Sources */ = {isa = PBXBuildFile; fileRef = 0A346F301D617DDF00498520 /* MyFirstSwiftTests.swift */; };
		0A346F3C1D617DE000498520 /* MyFirstSwiftUITests.swift in Sources */ = {isa = PBXBuildFile; fileRef = 0A346F3B1D617DE000498520 /* MyFirstSwiftUITests.swift */; };
		0A346F4C1D6181D800498520 /* sss.png in Resources */ = {isa = PBXBuildFile; fileRef = 0A346F4B1D6181D800498520 /* sss.png */; };
/* End PBXBuildFile section */

/* Begin PBXContainerItemProxy section */
		0A346F2D1D617DDF00498520 /* PBXContainerItemProxy */ = {
			isa = PBXContainerItemProxy;
			containerPortal = 0A346F101D617DDF00498520 /* Project object */;
			proxyType = 1;
			remoteGlobalIDString = 0A346F171D617DDF00498520;
			remoteInfo = MyFirstSwift;
		};
		0A346F381D617DDF00498520 /* PBXContainerItemProxy */ = {
			isa = PBXContainerItemProxy;
			containerPortal = 0A346F101D617DDF00498520 /* Project object */;
			proxyType = 1;
			remoteGlobalIDString = 0A346F171D617DDF00498520;
			remoteInfo = MyFirstSwift;
		};
/* End PBXContainerItemProxy section */

/* Begin PBXFileReference section */
		0A346F181D617DDF00498520 /* MyFirstSwift.app */ = {isa = PBXFileReference; explicitFileType = wrapper.application; includeInIndex = 0; path = MyFirstSwift.app; sourceTree = BUILT_PRODUCTS_DIR; };
		0A346F1B1D617DDF00498520 /* AppDelegate.swift */ = {isa = PBXFileReference; lastKnownFileType = sourcecode.swift; path = AppDelegate.swift; sourceTree = "<group>"; };
		0A346F1D1D617DDF00498520 /* ViewController.swift */ = {isa = PBXFileReference; lastKnownFileType = sourcecode.swift; path = ViewController.swift; sourceTree = "<group>"; };
		0A346F201D617DDF00498520 /* Base */ = {isa = PBXFileReference; lastKnownFileType = file.storyboard; name = Base; path = Base.lproj/Main.storyboard; sourceTree = "<group>"; };
		0A346F221D617DDF00498520 /* Assets.xcassets */ = {isa = PBXFileReference; lastKnownFileType = folder.assetcatalog; path = Assets.xcassets; sourceTree = "<group>"; };
		0A346F251D617DDF00498520 /* Base */ = {isa = PBXFileReference; lastKnownFileType = file.storyboard; name = Base; path = Base.lproj/LaunchScreen.storyboard; sourceTree = "<group>"; };
		0A346F271D617DDF00498520 /* Info.plist */ = {isa = PBXFileReference; lastKnownFileType = text.plist.xml; path = Info.plist; sourceTree = "<group>"; };
		0A346F2C1D617DDF00498520 /* MyFirstSwiftTests.xctest */ = {isa = PBXFileReference; explicitFileType = wrapper.cfbundle; includeInIndex = 0; path = MyFirstSwiftTests.xctest; sourceTree = BUILT_PRODUCTS_DIR; };
		0A346F301D617DDF00498520 /* MyFirstSwiftTests.swift */ = {isa = PBXFileReference; lastKnownFileType = sourcecode.swift; path = MyFirstSwiftTests.swift; sourceTree = "<group>"; };
		0A346F321D617DDF00498520 /* Info.plist */ = {isa = PBXFileReference; lastKnownFileType = text.plist.xml; path = Info.plist; sourceTree = "<group>"; };
		0A346F371D617DDF00498520 /* MyFirstSwiftUITests.xctest */ = {isa = PBXFileReference; explicitFileType = wrapper.cfbundle; includeInIndex = 0; path = MyFirstSwiftUITests.xctest; sourceTree = BUILT_PRODUCTS_DIR; };
		0A346F3B1D617DE000498520 /* MyFirstSwiftUITests.swift */ = {isa = PBXFileReference; lastKnownFileType = sourcecode.swift; path = MyFirstSwiftUITests.swift; sourceTree = "<group>"; };
		0A346F3D1D617DE000498520 /* Info.plist */ = {isa = PBXFileReference; lastKnownFileType = text.plist.xml; path = Info.plist; sourceTree = "<group>"; };
		0A346F4B1D6181D800498520 /* sss.png */ = {isa = PBXFileReference; lastKnownFileType = image.png; name = sss.png; path = ../../../../../../Users/kevin/Desktop/sss.png; sourceTree = "<group>"; };
/* End PBXFileReference section */

/* Begin PBXFrameworksBuildPhase section */
		0A346F151D617DDF00498520 /* Frameworks */ = {
			isa = PBXFrameworksBuildPhase;
			buildActionMask = 2147483647;
			files = (
			);
			runOnlyForDeploymentPostprocessing = 0;
		};
		0A346F291D617DDF00498520 /* Frameworks */ = {
			isa = PBXFrameworksBuildPhase;
			buildActionMask = 2147483647;
			files = (
			);
			runOnlyForDeploymentPostprocessing = 0;
		};
		0A346F341D617DDF00498520 /* Frameworks */ = {
			isa = PBXFrameworksBuildPhase;
			buildActionMask = 2147483647;
			files = (
			);
			runOnlyForDeploymentPostprocessing = 0;
		};
/* End PBXFrameworksBuildPhase section */

/* Begin PBXGroup section */
		0A346F0F1D617DDF00498520 = {
			isa = PBXGroup;
			children = (
				0A346F1A1D617DDF00498520 /* MyFirstSwift */,
				0A346F2F1D617DDF00498520 /* MyFirstSwiftTests */,
				0A346F3A1D617DE000498520 /* MyFirstSwiftUITests */,
				0A346F191D617DDF00498520 /* Products */,
			);
			sourceTree = "<group>";
		};
		0A346F191D617DDF00498520 /* Products */ = {
			isa = PBXGroup;
			children = (
				0A346F181D617DDF00498520 /* MyFirstSwift.app */,
				0A346F2C1D617DDF00498520 /* MyFirstSwiftTests.xctest */,
				0A346F371D617DDF00498520 /* MyFirstSwiftUITests.xctest */,
			);
			name = Products;
			sourceTree = "<group>";
		};
		0A346F1A1D617DDF00498520 /* MyFirstSwift */ = {
			isa = PBXGroup;
			children = (
				0A346F4B1D6181D800498520 /* sss.png */,
				0A346F1B1D617DDF00498520 /* AppDelegate.swift */,
				0A346F1D1D617DDF00498520 /* ViewController.swift */,
				0A346F1F1D617DDF00498520 /* Main.storyboard */,
				0A346F221D617DDF00498520 /* Assets.xcassets */,
				0A346F241D617DDF00498520 /* LaunchScreen.storyboard */,
				0A346F271D617DDF00498520 /* Info.plist */,
			);
			path = MyFirstSwift;
			sourceTree = "<group>";
		};
		0A346F2F1D617DDF00498520 /* MyFirstSwiftTests */ = {
			isa = PBXGroup;
			children = (
				0A346F301D617DDF00498520 /* MyFirstSwiftTests.swift */,
				0A346F321D617DDF00498520 /* Info.plist */,
			);
			path = MyFirstSwiftTests;
			sourceTree = "<group>";
		};
		0A346F3A1D617DE000498520 /* MyFirstSwiftUITests */ = {
			isa = PBXGroup;
			children = (
				0A346F3B1D617DE000498520 /* MyFirstSwiftUITests.swift */,
				0A346F3D1D617DE000498520 /* Info.plist */,
			);
			path = MyFirstSwiftUITests;
			sourceTree = "<group>";
		};
/* End PBXGroup section */

/* Begin PBXNativeTarget section */
		0A346F171D617DDF00498520 /* MyFirstSwift */ = {
			isa = PBXNativeTarget;
			buildConfigurationList = 0A346F401D617DE000498520 /* Build configuration list for PBXNativeTarget "MyFirstSwift" */;
			buildPhases = (
				0A346F141D617DDF00498520 /* Sources */,
				0A346F151D617DDF00498520 /* Frameworks */,
				0A346F161D617DDF00498520 /* Resources */,
			);
			buildRules = (
			);
			dependencies = (
			);
			name = MyFirstSwift;
			productName = MyFirstSwift;
			productReference = 0A346F181D617DDF00498520 /* MyFirstSwift.app */;
			productType = "com.apple.product-type.application";
		};
		0A346F2B1D617DDF00498520 /* MyFirstSwiftTests */ = {
			isa = PBXNativeTarget;
			buildConfigurationList = 0A346F431D617DE000498520 /* Build configuration list for PBXNativeTarget "MyFirstSwiftTests" */;
			buildPhases = (
				0A346F281D617DDF00498520 /* Sources */,
				0A346F291D617DDF00498520 /* Frameworks */,
				0A346F2A1D617DDF00498520 /* Resources */,
			);
			buildRules = (
			);
			dependencies = (
				0A346F2E1D617DDF00498520 /* PBXTargetDependency */,
			);
			name = MyFirstSwiftTests;
			productName = MyFirstSwiftTests;
			productReference = 0A346F2C1D617DDF00498520 /* MyFirstSwiftTests.xctest */;
			productType = "com.apple.product-type.bundle.unit-test";
		};
		0A346F361D617DDF00498520 /* MyFirstSwiftUITests */ = {
			isa = PBXNativeTarget;
			buildConfigurationList = 0A346F461D617DE000498520 /* Build configuration list for PBXNativeTarget "MyFirstSwiftUITests" */;
			buildPhases = (
				0A346F331D617DDF00498520 /* Sources */,
				0A346F341D617DDF00498520 /* Frameworks */,
				0A346F351D617DDF00498520 /* Resources */,
			);
			buildRules = (
			);
			dependencies = (
				0A346F391D617DDF00498520 /* PBXTargetDependency */,
			);
			name = MyFirstSwiftUITests;
			productName = MyFirstSwiftUITests;
			productReference = 0A346F371D617DDF00498520 /* MyFirstSwiftUITests.xctest */;
			productType = "com.apple.product-type.bundle.ui-testing";
		};
/* End PBXNativeTarget section */

/* Begin PBXProject section */
		0A346F101D617DDF00498520 /* Project object */ = {
			isa = PBXProject;
			attributes = {
				LastSwiftUpdateCheck = 0730;
				LastUpgradeCheck = 0730;
				ORGANIZATIONNAME = com.mycompany;
				TargetAttributes = {
					0A346F171D617DDF00498520 = {
						CreatedOnToolsVersion = 7.3.1;
					};
					0A346F2B1D617DDF00498520 = {
						CreatedOnToolsVersion = 7.3.1;
						TestTargetID = 0A346F171D617DDF00498520;
					};
					0A346F361D617DDF00498520 = {
						CreatedOnToolsVersion = 7.3.1;
						TestTargetID = 0A346F171D617DDF00498520;
					};
				};
			};
			buildConfigurationList = 0A346F131D617DDF00498520 /* Build configuration list for PBXProject "MyFirstSwift" */;
			compatibilityVersion = "Xcode 3.2";
			developmentRegion = English;
			hasScannedForEncodings = 0;
			knownRegions = (
				en,
				Base,
			);
			mainGroup = 0A346F0F1D617DDF00498520;
			productRefGroup = 0A346F191D617DDF00498520 /* Products */;
			projectDirPath = "";
			projectRoot = "";
			targets = (
				0A346F171D617DDF00498520 /* MyFirstSwift */,
				0A346F2B1D617DDF00498520 /* MyFirstSwiftTests */,
				0A346F361D617DDF00498520 /* MyFirstSwiftUITests */,
			);
		};
/* End PBXProject section */

/* Begin PBXResourcesBuildPhase section */
		0A346F161D617DDF00498520 /* Resources */ = {
			isa = PBXResourcesBuildPhase;
			buildActionMask = 2147483647;
			files = (
				0A346F261D617DDF00498520 /* LaunchScreen.storyboard in Resources */,
				0A346F4C1D6181D800498520 /* sss.png in Resources */,
				0A346F231D617DDF00498520 /* Assets.xcassets in Resources */,
				0A346F211D617DDF00498520 /* Main.storyboard in Resources */,
			);
			runOnlyForDeploymentPostprocessing = 0;
		};
		0A346F2A1D617DDF00498520 /* Resources */ = {
			isa = PBXResourcesBuildPhase;
			buildActionMask = 2147483647;
			files = (
			);
			runOnlyForDeploymentPostprocessing = 0;
		};
		0A346F351D617DDF00498520 /* Resources */ = {
			isa = PBXResourcesBuildPhase;
			buildActionMask = 2147483647;
			files = (
			);
			runOnlyForDeploymentPostprocessing = 0;
		};
/* End PBXResourcesBuildPhase section */

/* Begin PBXSourcesBuildPhase section */
		0A346F141D617DDF00498520 /* Sources */ = {
			isa = PBXSourcesBuildPhase;
			buildActionMask = 2147483647;
			files = (
				0A346F1E1D617DDF00498520 /* ViewController.swift in Sources */,
				0A346F1C1D617DDF00498520 /* AppDelegate.swift in Sources */,
			);
			runOnlyForDeploymentPostprocessing = 0;
		};
		0A346F281D617DDF00498520 /* Sources */ = {
			isa = PBXSourcesBuildPhase;
			buildActionMask = 2147483647;
			files = (
				0A346F311D617DDF00498520 /* MyFirstSwiftTests.swift in Sources */,
			);
			runOnlyForDeploymentPostprocessing = 0;
		};
		0A346F331D617DDF00498520 /* Sources */ = {
			isa = PBXSourcesBuildPhase;
			buildActionMask = 2147483647;
			files = (
				0A346F3C1D617DE000498520 /* MyFirstSwiftUITests.swift in Sources */,
			);
			runOnlyForDeploymentPostprocessing = 0;
		};
/* End PBXSourcesBuildPhase section */

/* Begin PBXTargetDependency section */
		0A346F2E1D617DDF00498520 /* PBXTargetDependency */ = {
			isa = PBXTargetDependency;
			target = 0A346F171D617DDF00498520 /* MyFirstSwift */;
			targetProxy = 0A346F2D1D617DDF00498520 /* PBXContainerItemProxy */;
		};
		0A346F391D617DDF00498520 /* PBXTargetDependency */ = {
			isa = PBXTargetDependency;
			target = 0A346F171D617DDF00498520 /* MyFirstSwift */;
			targetProxy = 0A346F381D617DDF00498520 /* PBXContainerItemProxy */;
		};
/* End PBXTargetDependency section */

/* Begin PBXVariantGroup section */
		0A346F1F1D617DDF00498520 /* Main.storyboard */ = {
			isa = PBXVariantGroup;
			children = (
				0A346F201D617DDF00498520 /* Base */,
			);
			name = Main.storyboard;
			sourceTree = "<group>";
		};
		0A346F241D617DDF00498520 /* LaunchScreen.storyboard */ = {
			isa = PBXVariantGroup;
			children = (
				0A346F251D617DDF00498520 /* Base */,
			);
			name = LaunchScreen.storyboard;
			sourceTree = "<group>";
		};
/* End PBXVariantGroup section */

/* Begin XCBuildConfiguration section */
		0A346F3E1D617DE000498520 /* Debug */ = {
			isa = XCBuildConfiguration;
			buildSettings = {
				ALWAYS_SEARCH_USER_PATHS = NO;
				CLANG_ANALYZER_NONNULL = YES;
				CLANG_CXX_LANGUAGE_STANDARD = "gnu++0x";
				CLANG_CXX_LIBRARY = "libc++";
				CLANG_ENABLE_MODULES = YES;
				CLANG_ENABLE_OBJC_ARC = YES;
				CLANG_WARN_BOOL_CONVERSION = YES;
				CLANG_WARN_CONSTANT_CONVERSION = YES;
				CLANG_WARN_DIRECT_OBJC_ISA_USAGE = YES_ERROR;
				CLANG_WARN_EMPTY_BODY = YES;
				CLANG_WARN_ENUM_CONVERSION = YES;
				CLANG_WARN_INT_CONVERSION = YES;
				CLANG_WARN_OBJC_ROOT_CLASS = YES_ERROR;
				CLANG_WARN_UNREACHABLE_CODE = YES;
				CLANG_WARN__DUPLICATE_METHOD_MATCH = YES;
				"CODE_SIGN_IDENTITY[sdk=iphoneos*]" = "iPhone Developer";
				COPY_PHASE_STRIP = NO;
				DEBUG_INFORMATION_FORMAT = dwarf;
				ENABLE_STRICT_OBJC_MSGSEND = YES;
				ENABLE_TESTABILITY = YES;
				GCC_C_LANGUAGE_STANDARD = gnu99;
				GCC_DYNAMIC_NO_PIC = NO;
				GCC_NO_COMMON_BLOCKS = YES;
				GCC_OPTIMIZATION_LEVEL = 0;
				GCC_PREPROCESSOR_DEFINITIONS = (
					"DEBUG=1",
					"$(inherited)",
				);
				GCC_WARN_64_TO_32_BIT_CONVERSION = YES;
				GCC_WARN_ABOUT_RETURN_TYPE = YES_ERROR;
				GCC_WARN_UNDECLARED_SELECTOR = YES;
				GCC_WARN_UNINITIALIZED_AUTOS = YES_AGGRESSIVE;
				GCC_WARN_UNUSED_FUNCTION = YES;
				GCC_WARN_UNUSED_VARIABLE = YES;
				IPHONEOS_DEPLOYMENT_TARGET = 9.3;
				MTL_ENABLE_DEBUG_INFO = YES;
				ONLY_ACTIVE_ARCH = YES;
				SDKROOT = iphoneos;
				SWIFT_OPTIMIZATION_LEVEL = "-Onone";
			};
			name = Debug;
		};
		0A346F3F1D617DE000498520 /* Release */ = {
			isa = XCBuildConfiguration;
			buildSettings = {
				ALWAYS_SEARCH_USER_PATHS = NO;
				CLANG_ANALYZER_NONNULL = YES;
				CLANG_CXX_LANGUAGE_STANDARD = "gnu++0x";
				CLANG_CXX_LIBRARY = "libc++";
				CLANG_ENABLE_MODULES = YES;
				CLANG_ENABLE_OBJC_ARC = YES;
				CLANG_WARN_BOOL_CONVERSION = YES;
				CLANG_WARN_CONSTANT_CONVERSION = YES;
				CLANG_WARN_DIRECT_OBJC_ISA_USAGE = YES_ERROR;
				CLANG_WARN_EMPTY_BODY = YES;
				CLANG_WARN_ENUM_CONVERSION = YES;
				CLANG_WARN_INT_CONVERSION = YES;
				CLANG_WARN_OBJC_ROOT_CLASS = YES_ERROR;
				CLANG_WARN_UNREACHABLE_CODE = YES;
				CLANG_WARN__DUPLICATE_METHOD_MATCH = YES;
				"CODE_SIGN_IDENTITY[sdk=iphoneos*]" = "iPhone Developer";
				COPY_PHASE_STRIP = NO;
				DEBUG_INFORMATION_FORMAT = "dwarf-with-dsym";
				ENABLE_NS_ASSERTIONS = NO;
				ENABLE_STRICT_OBJC_MSGSEND = YES;
				GCC_C_LANGUAGE_STANDARD = gnu99;
				GCC_NO_COMMON_BLOCKS = YES;
				GCC_WARN_64_TO_32_BIT_CONVERSION = YES;
				GCC_WARN_ABOUT_RETURN_TYPE = YES_ERROR;
				GCC_WARN_UNDECLARED_SELECTOR = YES;
				GCC_WARN_UNINITIALIZED_AUTOS = YES_AGGRESSIVE;
				GCC_WARN_UNUSED_FUNCTION = YES;
				GCC_WARN_UNUSED_VARIABLE = YES;
				IPHONEOS_DEPLOYMENT_TARGET = 9.3;
				MTL_ENABLE_DEBUG_INFO = NO;
				SDKROOT = iphoneos;
				VALIDATE_PRODUCT = YES;
			};
			name = Release;
		};
		0A346F411D617DE000498520 /* Debug */ = {
			isa = XCBuildConfiguration;
			buildSettings = {
				ASSETCATALOG_COMPILER_APPICON_NAME = AppIcon;
				INFOPLIST_FILE = MyFirstSwift/Info.plist;
				LD_RUNPATH_SEARCH_PATHS = "$(inherited) @executable_path/Frameworks";
				PRODUCT_BUNDLE_IDENTIFIER = com.mycompany.MyFirstSwift;
				PRODUCT_NAME = "$(TARGET_NAME)";
			};
			name = Debug;
		};
		0A346F421D617DE000498520 /* Release */ = {
			isa = XCBuildConfiguration;
			buildSettings = {
				ASSETCATALOG_COMPILER_APPICON_NAME = AppIcon;
				INFOPLIST_FILE = MyFirstSwift/Info.plist;
				LD_RUNPATH_SEARCH_PATHS = "$(inherited) @executable_path/Frameworks";
				PRODUCT_BUNDLE_IDENTIFIER = com.mycompany.MyFirstSwift;
				PRODUCT_NAME = "$(TARGET_NAME)";
			};
			name = Release;
		};
		0A346F441D617DE000498520 /* Debug */ = {
			isa = XCBuildConfiguration;
			buildSettings = {
				BUNDLE_LOADER = "$(TEST_HOST)";
				INFOPLIST_FILE = MyFirstSwiftTests/Info.plist;
				LD_RUNPATH_SEARCH_PATHS = "$(inherited) @executable_path/Frameworks @loader_path/Frameworks";
				PRODUCT_BUNDLE_IDENTIFIER = com.mycompany.MyFirstSwiftTests;
				PRODUCT_NAME = "$(TARGET_NAME)";
				TEST_HOST = "$(BUILT_PRODUCTS_DIR)/MyFirstSwift.app/MyFirstSwift";
			};
			name = Debug;
		};
		0A346F451D617DE000498520 /* Release */ = {
			isa = XCBuildConfiguration;
			buildSettings = {
				BUNDLE_LOADER = "$(TEST_HOST)";
				INFOPLIST_FILE = MyFirstSwiftTests/Info.plist;
				LD_RUNPATH_SEARCH_PATHS = "$(inherited) @executable_path/Frameworks @loader_path/Frameworks";
				PRODUCT_BUNDLE_IDENTIFIER = com.mycompany.MyFirstSwiftTests;
				PRODUCT_NAME = "$(TARGET_NAME)";
				TEST_HOST = "$(BUILT_PRODUCTS_DIR)/MyFirstSwift.app/MyFirstSwift";
			};
			name = Release;
		};
		0A346F471D617DE000498520 /* Debug */ = {
			isa = XCBuildConfiguration;
			buildSettings = {
				INFOPLIST_FILE = MyFirstSwiftUITests/Info.plist;
				LD_RUNPATH_SEARCH_PATHS = "$(inherited) @executable_path/Frameworks @loader_path/Frameworks";
				PRODUCT_BUNDLE_IDENTIFIER = com.mycompany.MyFirstSwiftUITests;
				PRODUCT_NAME = "$(TARGET_NAME)";
				TEST_TARGET_NAME = MyFirstSwift;
			};
			name = Debug;
		};
		0A346F481D617DE000498520 /* Release */ = {
			isa = XCBuildConfiguration;
			buildSettings = {
				INFOPLIST_FILE = MyFirstSwiftUITests/Info.plist;
				LD_RUNPATH_SEARCH_PATHS = "$(inherited) @executable_path/Frameworks @loader_path/Frameworks";
				PRODUCT_BUNDLE_IDENTIFIER = com.mycompany.MyFirstSwiftUITests;
				PRODUCT_NAME = "$(TARGET_NAME)";
				TEST_TARGET_NAME = MyFirstSwift;
			};
			name = Release;
		};
/* End XCBuildConfiguration section */

/* Begin XCConfigurationList section */
		0A346F131D617DDF00498520 /* Build configuration list for PBXProject "MyFirstSwift" */ = {
			isa = XCConfigurationList;
			buildConfigurations = (
				0A346F3E1D617DE000498520 /* Debug */,
				0A346F3F1D617DE000498520 /* Release */,
			);
			defaultConfigurationIsVisible = 0;
			defaultConfigurationName = Release;
		};
		0A346F401D617DE000498520 /* Build configuration list for PBXNativeTarget "MyFirstSwift" */ = {
			isa = XCConfigurationList;
			buildConfigurations = (
				0A346F411D617DE000498520 /* Debug */,
				0A346F421D617DE000498520 /* Release */,
			);
			defaultConfigurationIsVisible = 0;
		};
		0A346F431D617DE000498520 /* Build configuration list for PBXNativeTarget "MyFirstSwiftTests" */ = {
			isa = XCConfigurationList;
			buildConfigurations = (
				0A346F441D617DE000498520 /* Debug */,
				0A346F451D617DE000498520 /* Release */,
			);
			defaultConfigurationIsVisible = 0;
		};
		0A346F461D617DE000498520 /* Build configuration list for PBXNativeTarget "MyFirstSwiftUITests" */ = {
			isa = XCConfigurationList;
			buildConfigurations = (
				0A346F471D617DE000498520 /* Debug */,
				0A346F481D617DE000498520 /* Release */,
			);
			defaultConfigurationIsVisible = 0;
		};
/* End XCConfigurationList section */
	};
	rootObject = 0A346F101D617DDF00498520 /* Project object */;
}
